
Microsoft Visual Studio Solution File, Format Version 12.00
# Visual Studio Version 17
VisualStudioVersion = 17.14.37531.7 d17.14
MinimumVisualStudioVersion = 10.0.40219.1
Project("{888888A0-9F3D-457C-B088-3A5042F75D52}") = "GARC (De)Extractor", "GARC (De)Extractor.pyproj", "{B551805C-C373-45B6-983A-2A27B3B1C771}"
EndProject
Global
	GlobalSection(SolutionConfigurationPlatforms) = preSolution
		Debug|Any CPU = Debug|Any CPU
		Release|Any CPU = Release|Any CPU
	EndGlobalSection
	GlobalSection(ProjectConfigurationPlatforms) = postSolution
		{B551805C-C373-45B6-983A-2A27B3B1C771}.Debug|Any CPU.ActiveCfg = Debug|Any CPU
		{B551805C-C373-45B6-983A-2A27B3B1C771}.Release|Any CPU.ActiveCfg = Release|Any CPU
	EndGlobalSection
	GlobalSection(SolutionProperties) = preSolution
		HideSolutionNode = FALSE
	EndGlobalSection
	GlobalSection(ExtensibilityGlobals) = postSolution
		SolutionGuid = {67F83B65-B1BE-4AE4-9772-F2DA7FCCB7EE}
	EndGlobalSection
EndGlobal
